<?xml version="1.0" encoding="utf-8"?>
<Project ToolsVersion="4.0" xmlns="http://schemas.microsoft.com/developer/msbuild/2003">
  <ItemGroup>
    <Filter Include="Source Files">
      <UniqueIdentifier>{4FC737F1-C7A5-4376-A066-2A32D752A2FF}</UniqueIdentifier>
      <Extensions>cpp;cxx;c;def</Extensions>
    </Filter>
    <Filter Include="Header Files">
      <UniqueIdentifier>{93995380-89BD-4b04-88EB-625FBE52EBFB}</UniqueIdentifier>
      <Extensions>h</Extensions>
    </Filter>
    <Filter Include="Form Files">
      <UniqueIdentifier>{99349809-55BA-4b9d-BF79-8FDBB0286EB3}</UniqueIdentifier>
      <Extensions>ui</Extensions>
    </Filter>
    <Filter Include="Resource Files">
      <UniqueIdentifier>{D9D6E242-F8AF-46E4-B9FD-80ECBC20BA3E}</UniqueIdentifier>
      <Extensions>qrc;*</Extensions>
      <ParseFiles>false</ParseFiles>
    </Filter>
    <Filter Include="Generated Files">
      <UniqueIdentifier>{71ED8ED8-ACB9-4CE9-BBE1-E00B30144E11}</UniqueIdentifier>
      <Extensions>moc;h;cpp</Extensions>
      <SourceControlFiles>False</SourceControlFiles>
    </Filter>
    <Filter Include="Generated Files\Debug">
      <UniqueIdentifier>{09a2ba99-fa05-4fd6-bad6-e2c965470a34}</UniqueIdentifier>
      <Extensions>cpp;moc</Extensions>
      <SourceControlFiles>False</SourceControlFiles>
    </Filter>
    <Filter Include="Generated Files\Release">
      <UniqueIdentifier>{afd07e7b-c238-4145-9ed6-a96f993dc703}</UniqueIdentifier>
      <Extensions>cpp;moc</Extensions>
      <SourceControlFiles>False</SourceControlFiles>
    </Filter>
    <Filter Include="Source Files\Shaders">
      <UniqueIdentifier>{b04f93c9-cf9b-4471-b7de-42850528926a}</UniqueIdentifier>
    </Filter>
    <Filter Include="Source Files\UIBasic">
      <UniqueIdentifier>{f47711f9-9004-4171-8fe3-c190cfff3dfb}</UniqueIdentifier>
    </Filter>
    <Filter Include="Source Files\Actions">
      <UniqueIdentifier>{aa432a99-1ba3-4e51-95d5-386179edc62a}</UniqueIdentifier>
    </Filter>
    <Filter Include="Header Files\Actions">
      <UniqueIdentifier>{eacdc493-c1a5-47be-96e9-8de58d0a7192}</UniqueIdentifier>
    </Filter>
    <Filter Include="Header Files\UIBasic">
      <UniqueIdentifier>{4b0675df-462e-41ff-8886-35ddc41e1e8e}</UniqueIdentifier>
    </Filter>
  </ItemGroup>
  <ItemGroup>
    <ClCompile Include="GeneratedFiles\Debug\moc_action_base.cpp">
      <Filter>Generated Files\Debug</Filter>
    </ClCompile>
    <ClCompile Include="GeneratedFiles\Release\moc_action_base.cpp">
      <Filter>Generated Files\Release</Filter>
    </ClCompile>
    <ClCompile Include="GeneratedFiles\Debug\moc_imface_window.cpp">
      <Filter>Generated Files\Debug</Filter>
    </ClCompile>
    <ClCompile Include="GeneratedFiles\Release\moc_imface_window.cpp">
      <Filter>Generated Files\Release</Filter>
    </ClCompile>
    <ClCompile Include="GeneratedFiles\qrc_imface.cpp">
      <Filter>Generated Files</Filter>
    </ClCompile>
    <ClCompile Include="..\..\Src\TeethStudio\cmodelviewer.cpp">
      <Filter>Source Files</Filter>
    </ClCompile>
    <ClCompile Include="..\..\Src\TeethStudio\imface_window.cpp">
      <Filter>Source Files</Filter>
    </ClCompile>
    <ClCompile Include="..\..\Src\TeethStudio\main.cpp">
      <Filter>Source Files</Filter>
    </ClCompile>
    <ClCompile Include="..\..\Src\TeethStudio\action_manager.cpp">
      <Filter>Source Files\Actions</Filter>
    </ClCompile>
    <ClCompile Include="..\..\Src\TeethStudio\edit_feature_edge_action.cpp">
      <Filter>Source Files\Actions</Filter>
    </ClCompile>
    <ClCompile Include="..\..\Src\TeethStudio\harmonic_field_segmentation_action.cpp">
      <Filter>Source Files\Actions</Filter>
    </ClCompile>
    <ClCompile Include="..\..\Src\TeethStudio\hot_key_action.cpp">
      <Filter>Source Files\Actions</Filter>
    </ClCompile>
    <ClCompile Include="..\..\Src\TeethStudio\manipulation_action.cpp">
      <Filter>Source Files\Actions</Filter>
    </ClCompile>
    <ClCompile Include="..\..\Src\TeethStudio\teeth_reconstruction_action.cpp">
      <Filter>Source Files\Actions</Filter>
    </ClCompile>
    <ClCompile Include="..\..\Src\TeethStudio\teeth_reconstruction_test_action.cpp">
      <Filter>Source Files\Actions</Filter>
    </ClCompile>
    <ClCompile Include="..\..\Src\TeethStudio\volume_data_segmentation_action.cpp">
      <Filter>Source Files\Actions</Filter>
    </ClCompile>
    <ClCompile Include="..\..\Src\TeethStudio\camera.cpp">
      <Filter>Source Files\UIBasic</Filter>
    </ClCompile>
    <ClCompile Include="..\..\Src\TeethStudio\scene.cpp">
      <Filter>Source Files\UIBasic</Filter>
    </ClCompile>
    <ClCompile Include="..\..\Src\TeethStudio\scene_curve_object.cpp">
      <Filter>Source Files\UIBasic</Filter>
    </ClCompile>
    <ClCompile Include="..\..\Src\TeethStudio\scene_mesh_object.cpp">
      <Filter>Source Files\UIBasic</Filter>
    </ClCompile>
    <ClCompile Include="..\..\Src\TeethStudio\scene_volume_object.cpp">
      <Filter>Source Files\UIBasic</Filter>
    </ClCompile>
    <ClCompile Include="..\..\Src\TeethStudio\texture_wrapper.cpp">
      <Filter>Source Files\UIBasic</Filter>
    </ClCompile>
    <ClCompile Include="..\..\Src\TeethStudio\ui_context.cpp">
      <Filter>Source Files\UIBasic</Filter>
    </ClCompile>
    <ClCompile Include="..\..\Src\TeethStudio\visual_utils.cpp">
      <Filter>Source Files\UIBasic</Filter>
    </ClCompile>
  </ItemGroup>
  <ItemGroup>
    <CustomBuild Include="..\..\Src\TeethStudio\imface.ui">
      <Filter>Form Files</Filter>
    </CustomBuild>
    <CustomBuild Include="..\..\Src\TeethStudio\imface_window.h">
      <Filter>Header Files</Filter>
    </CustomBuild>
    <CustomBuild Include="..\..\Src\TeethStudio\action_base.h">
      <Filter>Header Files\Actions</Filter>
    </CustomBuild>
    <CustomBuild Include="..\..\Src\TeethStudio\imface.qrc">
      <Filter>Resource Files</Filter>
    </CustomBuild>
  </ItemGroup>
  <ItemGroup>
    <ClInclude Include="GeneratedFiles\ui_imface.h">
      <Filter>Generated Files</Filter>
    </ClInclude>
    <ClInclude Include="..\..\Src\TeethStudio\cmodelviewer.h">
      <Filter>Header Files</Filter>
    </ClInclude>
    <ClInclude Include="..\..\Src\TeethStudio\action_manager.h">
      <Filter>Header Files\Actions</Filter>
    </ClInclude>
    <ClInclude Include="..\..\Src\TeethStudio\edit_feature_edge_action.h">
      <Filter>Header Files\Actions</Filter>
    </ClInclude>
    <ClInclude Include="..\..\Src\TeethStudio\harmonic_field_segmentation_action.h">
      <Filter>Header Files\Actions</Filter>
    </ClInclude>
    <ClInclude Include="..\..\Src\TeethStudio\hot_key_action.h">
      <Filter>Header Files\Actions</Filter>
    </ClInclude>
    <ClInclude Include="..\..\Src\TeethStudio\manipulation_action.h">
      <Filter>Header Files\Actions</Filter>
    </ClInclude>
    <ClInclude Include="..\..\Src\TeethStudio\teeth_reconstruction_action.h">
      <Filter>Header Files\Actions</Filter>
    </ClInclude>
    <ClInclude Include="..\..\Src\TeethStudio\teeth_reconstruction_test_action.h">
      <Filter>Header Files\Actions</Filter>
    </ClInclude>
    <ClInclude Include="..\..\Src\TeethStudio\volume_data_segmentation_action.h">
      <Filter>Header Files\Actions</Filter>
    </ClInclude>
    <ClInclude Include="..\..\Src\TeethStudio\camera.h">
      <Filter>Header Files\UIBasic</Filter>
    </ClInclude>
    <ClInclude Include="..\..\Src\TeethStudio\scene.h">
      <Filter>Header Files\UIBasic</Filter>
    </ClInclude>
    <ClInclude Include="..\..\Src\TeethStudio\scene_curve_object.h">
      <Filter>Header Files\UIBasic</Filter>
    </ClInclude>
    <ClInclude Include="..\..\Src\TeethStudio\scene_mesh_object.h">
      <Filter>Header Files\UIBasic</Filter>
    </ClInclude>
    <ClInclude Include="..\..\Src\TeethStudio\scene_volume_object.h">
      <Filter>Header Files\UIBasic</Filter>
    </ClInclude>
    <ClInclude Include="..\..\Src\TeethStudio\texture_wrapper.h">
      <Filter>Header Files\UIBasic</Filter>
    </ClInclude>
    <ClInclude Include="..\..\Src\TeethStudio\ui_context.h">
      <Filter>Header Files\UIBasic</Filter>
    </ClInclude>
    <ClInclude Include="..\..\Src\TeethStudio\visual_utils.h">
      <Filter>Header Files\UIBasic</Filter>
    </ClInclude>
  </ItemGroup>
  <ItemGroup>
    <None Include="..\..\Src\TeethStudio\back_texcoord_render.frag">
      <Filter>Source Files\Shaders</Filter>
    </None>
    <None Include="..\..\Src\TeethStudio\back_texcoord_render.vert">
      <Filter>Source Files\Shaders</Filter>
    </None>
    <None Include="..\..\Src\TeethStudio\curve_render.frag">
      <Filter>Source Files\Shaders</Filter>
    </None>
    <None Include="..\..\Src\TeethStudio\curve_render.vert">
      <Filter>Source Files\Shaders</Filter>
    </None>
    <None Include="..\..\Src\TeethStudio\depth_renderer.frag">
      <Filter>Source Files\Shaders</Filter>
    </None>
    <None Include="..\..\Src\TeethStudio\depth_renderer.vert">
      <Filter>Source Files\Shaders</Filter>
    </None>
    <None Include="..\..\Src\TeethStudio\front_texcoord_render.frag">
      <Filter>Source Files\Shaders</Filter>
    </None>
    <None Include="..\..\Src\TeethStudio\front_texcoord_render.vert">
      <Filter>Source Files\Shaders</Filter>
    </None>
    <None Include="..\..\Src\TeethStudio\volumeRender.frag">
      <Filter>Source Files\Shaders</Filter>
    </None>
    <None Include="..\..\Src\TeethStudio\volumeRender.vert">
      <Filter>Source Files\Shaders</Filter>
    </None>
    <None Include="..\..\Src\TeethStudio\mesh_render.vert">
      <Filter>Source Files\Shaders</Filter>
    </None>
    <None Include="..\..\Src\TeethStudio\mesh_render.frag">
      <Filter>Source Files\Shaders</Filter>
    </None>
  </ItemGroup>
</Project>