<?xml version="1.0" encoding="utf-8"?>
<Project ToolsVersion="4.0" xmlns="http://schemas.microsoft.com/developer/msbuild/2003">
  <ItemGroup>
    <Filter Include="Source Files">
      <UniqueIdentifier>{4FC737F1-C7A5-4376-A066-2A32D752A2FF}</UniqueIdentifier>
      <Extensions>cpp;c;cc;cxx;def;odl;idl;hpj;bat;asm;asmx</Extensions>
    </Filter>
    <Filter Include="Header Files">
      <UniqueIdentifier>{93995380-89BD-4b04-88EB-625FBE52EBFB}</UniqueIdentifier>
      <Extensions>h;hh;hpp;hxx;hm;inl;inc;xsd</Extensions>
    </Filter>
    <Filter Include="Resource Files">
      <UniqueIdentifier>{67DA6AB6-F800-4c08-8B7A-83BB121AAD01}</UniqueIdentifier>
      <Extensions>rc;ico;cur;bmp;dlg;rc2;rct;bin;rgs;gif;jpg;jpeg;jpe;resx;tiff;tif;png;wav;mfcribbon-ms</Extensions>
    </Filter>
    <Filter Include="Header Files\XWGeodesic">
      <UniqueIdentifier>{45b5947d-94a1-4fa7-a1a4-697dbf46e534}</UniqueIdentifier>
    </Filter>
    <Filter Include="Source Files\XWGeodesic">
      <UniqueIdentifier>{adcd8c48-0d40-4818-b4aa-931fb194e860}</UniqueIdentifier>
    </Filter>
    <Filter Include="Header Files\libicp">
      <UniqueIdentifier>{d6718d49-ec16-4bd8-b96b-147ff03b66b3}</UniqueIdentifier>
    </Filter>
    <Filter Include="Source Files\libicp">
      <UniqueIdentifier>{f6f7c29f-522a-4be4-8c89-dd985469ca0f}</UniqueIdentifier>
    </Filter>
    <Filter Include="Header Files\obb">
      <UniqueIdentifier>{de395865-5393-436f-81c9-e0512b684ff5}</UniqueIdentifier>
    </Filter>
    <Filter Include="Source Files\obb">
      <UniqueIdentifier>{3fe428f4-cb9b-4488-a6fd-9922635b4446}</UniqueIdentifier>
    </Filter>
    <Filter Include="Header Files\remesher">
      <UniqueIdentifier>{9b77f6fe-5761-4091-8e21-374bf3ca7437}</UniqueIdentifier>
    </Filter>
  </ItemGroup>
  <ItemGroup>
    <ClInclude Include="XWGeodesic\Extremity_Point_Utils.h">
      <Filter>Header Files\XWGeodesic</Filter>
    </ClInclude>
    <ClInclude Include="XWGeodesic\BaseModel.h">
      <Filter>Header Files\XWGeodesic</Filter>
    </ClInclude>
    <ClInclude Include="XWGeodesic\RichModel.h">
      <Filter>Header Files\XWGeodesic</Filter>
    </ClInclude>
    <ClInclude Include="XWGeodesic\ModelWrapper.h">
      <Filter>Header Files\XWGeodesic</Filter>
    </ClInclude>
    <ClInclude Include="XWGeodesic\Xin_Wang.h">
      <Filter>Header Files\XWGeodesic</Filter>
    </ClInclude>
    <ClInclude Include="XWGeodesic\Point3D.h">
      <Filter>Header Files\XWGeodesic</Filter>
    </ClInclude>
    <ClInclude Include="XWGeodesic\Parameters.h">
      <Filter>Header Files\XWGeodesic</Filter>
    </ClInclude>
    <ClInclude Include="XWGeodesic\ICH_WindowFiltering.h">
      <Filter>Header Files\XWGeodesic</Filter>
    </ClInclude>
    <ClInclude Include="XWGeodesic\FacePoint.h">
      <Filter>Header Files\XWGeodesic</Filter>
    </ClInclude>
    <ClInclude Include="XWGeodesic\ExactDGPMethod.h">
      <Filter>Header Files\XWGeodesic</Filter>
    </ClInclude>
    <ClInclude Include="XWGeodesic\EdgePoint.h">
      <Filter>Header Files\XWGeodesic</Filter>
    </ClInclude>
    <ClInclude Include="XWGeodesic\DistanceApproach.h">
      <Filter>Header Files\XWGeodesic</Filter>
    </ClInclude>
    <ClInclude Include="XWGeodesic\Chen_Han.h">
      <Filter>Header Files\XWGeodesic</Filter>
    </ClInclude>
    <ClInclude Include="prereq.h">
      <Filter>Header Files</Filter>
    </ClInclude>
    <ClInclude Include="XWGeodesic\xw_geodesic_wrapper.h">
      <Filter>Header Files\XWGeodesic</Filter>
    </ClInclude>
    <ClInclude Include="libicp\icpPointToPlane.h">
      <Filter>Header Files\libicp</Filter>
    </ClInclude>
    <ClInclude Include="libicp\matrix.h">
      <Filter>Header Files\libicp</Filter>
    </ClInclude>
    <ClInclude Include="libicp\icp.h">
      <Filter>Header Files\libicp</Filter>
    </ClInclude>
    <ClInclude Include="libicp\icpPointToPoint.h">
      <Filter>Header Files\libicp</Filter>
    </ClInclude>
    <ClInclude Include="libicp\kdtree.h">
      <Filter>Header Files\libicp</Filter>
    </ClInclude>
    <ClInclude Include="libicp\libicp_wrapper.h">
      <Filter>Header Files\libicp</Filter>
    </ClInclude>
    <ClInclude Include="obb\MatVec.h">
      <Filter>Header Files\obb</Filter>
    </ClInclude>
    <ClInclude Include="obb\Tri.h">
      <Filter>Header Files\obb</Filter>
    </ClInclude>
    <ClInclude Include="obb\TriDist.h">
      <Filter>Header Files\obb</Filter>
    </ClInclude>
    <ClInclude Include="obb\RectDist.h">
      <Filter>Header Files\obb</Filter>
    </ClInclude>
    <ClInclude Include="obb\PQP_Internal.h">
      <Filter>Header Files\obb</Filter>
    </ClInclude>
    <ClInclude Include="obb\PQP.h">
      <Filter>Header Files\obb</Filter>
    </ClInclude>
    <ClInclude Include="obb\PQP_Compile.h">
      <Filter>Header Files\obb</Filter>
    </ClInclude>
    <ClInclude Include="obb\OBB_Disjoint.h">
      <Filter>Header Files\obb</Filter>
    </ClInclude>
    <ClInclude Include="obb\GetTime.h">
      <Filter>Header Files\obb</Filter>
    </ClInclude>
    <ClInclude Include="obb\BVTQ.h">
      <Filter>Header Files\obb</Filter>
    </ClInclude>
    <ClInclude Include="obb\BV.h">
      <Filter>Header Files\obb</Filter>
    </ClInclude>
    <ClInclude Include="obb\Build.h">
      <Filter>Header Files\obb</Filter>
    </ClInclude>
    <ClInclude Include="obb\cpqp_obb_wrapper.h">
      <Filter>Header Files\obb</Filter>
    </ClInclude>
    <ClInclude Include="Remesher\AdaptiveRemesherT.hh">
      <Filter>Header Files\remesher</Filter>
    </ClInclude>
    <ClInclude Include="Remesher\BaseRemesherT.hh">
      <Filter>Header Files\remesher</Filter>
    </ClInclude>
    <ClInclude Include="Remesher\MeshSelectionT.hh">
      <Filter>Header Files\remesher</Filter>
    </ClInclude>
    <ClInclude Include="Remesher\UniformRemesherT.hh">
      <Filter>Header Files\remesher</Filter>
    </ClInclude>
  </ItemGroup>
  <ItemGroup>
    <ClCompile Include="XWGeodesic\ComputeGeodesics.cpp">
      <Filter>Source Files\XWGeodesic</Filter>
    </ClCompile>
    <ClCompile Include="XWGeodesic\Extremity_Point_Utils.cpp">
      <Filter>Source Files\XWGeodesic</Filter>
    </ClCompile>
    <ClCompile Include="XWGeodesic\BaseModel.cpp">
      <Filter>Source Files\XWGeodesic</Filter>
    </ClCompile>
    <ClCompile Include="XWGeodesic\RichModel.cpp">
      <Filter>Source Files\XWGeodesic</Filter>
    </ClCompile>
    <ClCompile Include="XWGeodesic\ModelWrapper.cpp">
      <Filter>Source Files\XWGeodesic</Filter>
    </ClCompile>
    <ClCompile Include="XWGeodesic\Xin_Wang.cpp">
      <Filter>Source Files\XWGeodesic</Filter>
    </ClCompile>
    <ClCompile Include="XWGeodesic\Point3D.cpp">
      <Filter>Source Files\XWGeodesic</Filter>
    </ClCompile>
    <ClCompile Include="XWGeodesic\ICH_WindowFiltering.cpp">
      <Filter>Source Files\XWGeodesic</Filter>
    </ClCompile>
    <ClCompile Include="XWGeodesic\ExactDGPMethod.cpp">
      <Filter>Source Files\XWGeodesic</Filter>
    </ClCompile>
    <ClCompile Include="XWGeodesic\DistanceApproach.cpp">
      <Filter>Source Files\XWGeodesic</Filter>
    </ClCompile>
    <ClCompile Include="XWGeodesic\Chen_Han.cpp">
      <Filter>Source Files\XWGeodesic</Filter>
    </ClCompile>
    <ClCompile Include="XWGeodesic\xw_geodesic_wrapper.cpp">
      <Filter>Source Files\XWGeodesic</Filter>
    </ClCompile>
    <ClCompile Include="libicp\kdtree.cpp">
      <Filter>Source Files\libicp</Filter>
    </ClCompile>
    <ClCompile Include="libicp\matrix.cpp">
      <Filter>Source Files\libicp</Filter>
    </ClCompile>
    <ClCompile Include="libicp\icpPointToPlane.cpp">
      <Filter>Source Files\libicp</Filter>
    </ClCompile>
    <ClCompile Include="libicp\icpPointToPoint.cpp">
      <Filter>Source Files\libicp</Filter>
    </ClCompile>
    <ClCompile Include="libicp\icp.cpp">
      <Filter>Source Files\libicp</Filter>
    </ClCompile>
    <ClCompile Include="libicp\libicp_wrapper.cpp">
      <Filter>Header Files\XWGeodesic</Filter>
    </ClCompile>
    <ClCompile Include="libicp\demo.cpp">
      <Filter>Source Files\libicp</Filter>
    </ClCompile>
    <ClCompile Include="obb\TriDist.cpp">
      <Filter>Source Files\obb</Filter>
    </ClCompile>
    <ClCompile Include="obb\PQP.cpp">
      <Filter>Source Files\obb</Filter>
    </ClCompile>
    <ClCompile Include="obb\Build.cpp">
      <Filter>Source Files\obb</Filter>
    </ClCompile>
    <ClCompile Include="obb\BV.cpp">
      <Filter>Source Files\obb</Filter>
    </ClCompile>
    <ClCompile Include="obb\cpqp_obb_wrapper.cpp">
      <Filter>Source Files\obb</Filter>
    </ClCompile>
  </ItemGroup>
</Project>