<?xml version="1.0" encoding="utf-8"?>
<Project ToolsVersion="4.0" xmlns="http://schemas.microsoft.com/developer/msbuild/2003">
  <ItemGroup>
    <Filter Include="Header Files">
      <UniqueIdentifier>{93995380-89BD-4b04-88EB-625FBE52EBFB}</UniqueIdentifier>
      <Extensions>h;hh;hpp;hxx;hm;inl;inc;xsd</Extensions>
    </Filter>
    <Filter Include="Source Files">
      <UniqueIdentifier>{4FC737F1-C7A5-4376-A066-2A32D752A2FF}</UniqueIdentifier>
      <Extensions>cpp;c;cc;cxx;def;odl;idl;hpj;bat;asm;asmx</Extensions>
    </Filter>
    <Filter Include="Resource Files">
      <UniqueIdentifier>{67DA6AB6-F800-4c08-8B7A-83BB121AAD01}</UniqueIdentifier>
      <Extensions>rc;ico;cur;bmp;dlg;rc2;rct;bin;rgs;gif;jpg;jpeg;jpe;resx;tiff;tif;png;wav;mfcribbon-ms</Extensions>
    </Filter>
  </ItemGroup>
  <ItemGroup>
    <ClInclude Include="prereq.h">
      <Filter>Header Files</Filter>
    </ClInclude>
    <ClInclude Include="geo_base_alg.h">
      <Filter>Header Files</Filter>
    </ClInclude>
    <ClInclude Include="geo_alg.h">
      <Filter>Header Files</Filter>
    </ClInclude>
    <ClInclude Include="numerical_base_alg.h">
      <Filter>Header Files</Filter>
    </ClInclude>
    <ClInclude Include="morph_skel_dental_mesh_seg.h">
      <Filter>Header Files</Filter>
    </ClInclude>
    <ClInclude Include="morphlogic_operation.h">
      <Filter>Header Files</Filter>
    </ClInclude>
    <ClInclude Include="harmonic_field.h">
      <Filter>Header Files</Filter>
    </ClInclude>
    <ClInclude Include="dental_base_alg.h">
      <Filter>Header Files</Filter>
    </ClInclude>
    <ClInclude Include="curve_base_alg.h">
      <Filter>Header Files</Filter>
    </ClInclude>
    <ClInclude Include="image_base_alg.h">
      <Filter>Header Files</Filter>
    </ClInclude>
    <ClInclude Include="panoramic_alg.h">
      <Filter>Header Files</Filter>
    </ClInclude>
    <ClInclude Include="shape_deformation.h">
      <Filter>Header Files</Filter>
    </ClInclude>
    <ClInclude Include="non_rigid_icp.h">
      <Filter>Header Files</Filter>
    </ClInclude>
    <ClInclude Include="linear_algebra_alg.h">
      <Filter>Header Files</Filter>
    </ClInclude>
  </ItemGroup>
  <ItemGroup>
    <ClCompile Include="geo_alg.cpp">
      <Filter>Source Files</Filter>
    </ClCompile>
    <ClCompile Include="geo_base_alg.cpp">
      <Filter>Source Files</Filter>
    </ClCompile>
    <ClCompile Include="numerical_base_alg.cpp">
      <Filter>Source Files</Filter>
    </ClCompile>
    <ClCompile Include="morph_skel_dental_mesh_seg.cpp">
      <Filter>Source Files</Filter>
    </ClCompile>
    <ClCompile Include="morphlogic_operation.cpp">
      <Filter>Source Files</Filter>
    </ClCompile>
    <ClCompile Include="harmonic_field.cpp">
      <Filter>Source Files</Filter>
    </ClCompile>
    <ClCompile Include="dental_base_alg.cpp">
      <Filter>Source Files</Filter>
    </ClCompile>
    <ClCompile Include="curve_base_alg.cpp">
      <Filter>Source Files</Filter>
    </ClCompile>
    <ClCompile Include="image_base_alg.cpp">
      <Filter>Source Files</Filter>
    </ClCompile>
    <ClCompile Include="panoramic_alg.cpp">
      <Filter>Source Files</Filter>
    </ClCompile>
    <ClCompile Include="shape_deformation.cpp">
      <Filter>Source Files</Filter>
    </ClCompile>
    <ClCompile Include="non_rigid_icp.cpp">
      <Filter>Source Files</Filter>
    </ClCompile>
    <ClCompile Include="linear_algebra_alg.cpp">
      <Filter>Source Files</Filter>
    </ClCompile>
  </ItemGroup>
</Project>